// !$*UTF8*$!
{
	archiveVersion = 1;
	classes = {
	};
	objectVersion = 46;
	objects = {

/* Begin PBXBuildFile section */
		D21CF2811C2F625A00356986 /* AppDelegate.swift in Sources */ = {isa = PBXBuildFile; fileRef = D21CF2801C2F625A00356986 /* AppDelegate.swift */; };
		D21CF2831C2F625A00356986 /* ViewController.swift in Sources */ = {isa = PBXBuildFile; fileRef = D21CF2821C2F625A00356986 /* ViewController.swift */; };
		D21CF2861C2F625A00356986 /* Main.storyboard in Resources */ = {isa = PBXBuildFile; fileRef = D21CF2841C2F625A00356986 /* Main.storyboard */; };
		D21CF2881C2F625A00356986 /* Assets.xcassets in Resources */ = {isa = PBXBuildFile; fileRef = D21CF2871C2F625A00356986 /* Assets.xcassets */; };
		D21CF28B1C2F625A00356986 /* LaunchScreen.storyboard in Resources */ = {isa = PBXBuildFile; fileRef = D21CF2891C2F625A00356986 /* LaunchScreen.storyboard */; };
/* End PBXBuildFile section */

/* Begin PBXFileReference section */
		D21CF27D1C2F625A00356986 /* TooCool.app */ = {isa = PBXFileReference; explicitFileType = wrapper.application; includeInIndex = 0; path = TooCool.app; sourceTree = BUILT_PRODUCTS_DIR; };
		D21CF2801C2F625A00356986 /* AppDelegate.swift */ = {isa = PBXFileReference; lastKnownFileType = sourcecode.swift; path = AppDelegate.swift; sourceTree = "<group>"; };
		D21CF2821C2F625A00356986 /* ViewController.swift */ = {isa = PBXFileReference; lastKnownFileType = sourcecode.swift; path = ViewController.swift; sourceTree = "<group>"; };
		D21CF2851C2F625A00356986 /* Base */ = {isa = PBXFileReference; lastKnownFileType = file.storyboard; name = Base; path = Base.lproj/Main.storyboard; sourceTree = "<group>"; };
		D21CF2871C2F625A00356986 /* Assets.xcassets */ = {isa = PBXFileReference; lastKnownFileType = folder.assetcatalog; path = Assets.xcassets; sourceTree = "<group>"; };
		D21CF28A1C2F625A00356986 /* Base */ = {isa = PBXFileReference; lastKnownFileType = file.storyboard; name = Base; path = Base.lproj/LaunchScreen.storyboard; sourceTree = "<group>"; };
		D21CF28C1C2F625A00356986 /* Info.plist */ = {isa = PBXFileReference; lastKnownFileType = text.plist.xml; path = Info.plist; sourceTree = "<group>"; };
/* End PBXFileReference section */

/* Begin PBXFrameworksBuildPhase section */
		D21CF27A1C2F625A00356986 /* Frameworks */ = {
			isa = PBXFrameworksBuildPhase;
			buildActionMask = 2147483647;
			files = (
			);
			runOnlyForDeploymentPostprocessing = 0;
		};
/* End PBXFrameworksBuildPhase section */

/* Begin PBXGroup section */
		D21CF2741C2F625A00356986 = {
			isa = PBXGroup;
			children = (
				D21CF27F1C2F625A00356986 /* TooCool */,
				D21CF27E1C2F625A00356986 /* Products */,
			);
			sourceTree = "<group>";
		};
		D21CF27E1C2F625A00356986 /* Products */ = {
			isa = PBXGroup;
			children = (
				D21CF27D1C2F625A00356986 /* TooCool.app */,
			);
			name = Products;
			sourceTree = "<group>";
		};
		D21CF27F1C2F625A00356986 /* TooCool */ = {
			isa = PBXGroup;
			children = (
				D21CF2801C2F625A00356986 /* AppDelegate.swift */,
				D21CF2821C2F625A00356986 /* ViewController.swift */,
				D21CF2841C2F625A00356986 /* Main.storyboard */,
				D21CF2871C2F625A00356986 /* Assets.xcassets */,
				D21CF2891C2F625A00356986 /* LaunchScreen.storyboard */,
				D21CF28C1C2F625A00356986 /* Info.plist */,
			);
			path = TooCool;
			sourceTree = "<group>";
		};
/* End PBXGroup section */

/* Begin PBXNativeTarget section */
		D21CF27C1C2F625A00356986 /* TooCool */ = {
			isa = PBXNativeTarget;
			buildConfigurationList = D21CF28F1C2F625A00356986 /* Build configuration list for PBXNativeTarget "TooCool" */;
			buildPhases = (
				D21CF2791C2F625A00356986 /* Sources */,
				D21CF27A1C2F625A00356986 /* Frameworks */,
				D21CF27B1C2F625A00356986 /* Resources */,
			);
			buildRules = (
			);
			dependencies = (
			);
			name = TooCool;
			productName = TooCool;
			productReference = D21CF27D1C2F625A00356986 /* TooCool.app */;
			productType = "com.apple.product-type.application";
		};
/* End PBXNativeTarget section */

/* Begin PBXProject section */
		D21CF2751C2F625A00356986 /* Project object */ = {
			isa = PBXProject;
			attributes = {
				LastSwiftUpdateCheck = 0720;
				LastUpgradeCheck = 0720;
				ORGANIZATIONNAME = SecondAppTest;
				TargetAttributes = {
					D21CF27C1C2F625A00356986 = {
						CreatedOnToolsVersion = 7.2;
					};
				};
			};
			buildConfigurationList = D21CF2781C2F625A00356986 /* Build configuration list for PBXProject "TooCool" */;
			compatibilityVersion = "Xcode 3.2";
			developmentRegion = English;
			hasScannedForEncodings = 0;
			knownRegions = (
				en,
				Base,
			);
			mainGroup = D21CF2741C2F625A00356986;
			productRefGroup = D21CF27E1C2F625A00356986 /* Products */;
			projectDirPath = "";
			projectRoot = "";
			targets = (
				D21CF27C1C2F625A00356986 /* TooCool */,
			);
		};
/* End PBXProject section */

/* Begin PBXResourcesBuildPhase section */
		D21CF27B1C2F625A00356986 /* Resources */ = {
			isa = PBXResourcesBuildPhase;
			buildActionMask = 2147483647;
			files = (
				D21CF28B1C2F625A00356986 /* LaunchScreen.storyboard in Resources */,
				D21CF2881C2F625A00356986 /* Assets.xcassets in Resources */,
				D21CF2861C2F625A00356986 /* Main.storyboard in Resources */,
			);
			runOnlyForDeploymentPostprocessing = 0;
		};
/* End PBXResourcesBuildPhase section */

/* Begin PBXSourcesBuildPhase section */
		D21CF2791C2F625A00356986 /* Sources */ = {
			isa = PBXSourcesBuildPhase;
			buildActionMask = 2147483647;
			files = (
				D21CF2831C2F625A00356986 /* ViewController.swift in Sources */,
				D21CF2811C2F625A00356986 /* AppDelegate.swift in Sources */,
			);
			runOnlyForDeploymentPostprocessing = 0;
		};
/* End PBXSourcesBuildPhase section */

/* Begin PBXVariantGroup section */
		D21CF2841C2F625A00356986 /* Main.storyboard */ = {
			isa = PBXVariantGroup;
			children = (
				D21CF2851C2F625A00356986 /* Base */,
			);
			name = Main.storyboard;
			sourceTree = "<group>";
		};
		D21CF2891C2F625A00356986 /* LaunchScreen.storyboard */ = {
			isa = PBXVariantGroup;
			children = (
				D21CF28A1C2F625A00356986 /* Base */,
			);
			name = LaunchScreen.storyboard;
			sourceTree = "<group>";
		};
/* End PBXVariantGroup section */

/* Begin XCBuildConfiguration section */
		D21CF28D1C2F625A00356986 /* Debug */ = {
			isa = XCBuildConfiguration;
			buildSettings = {
				ALWAYS_SEARCH_USER_PATHS = NO;
				CLANG_CXX_LANGUAGE_STANDARD = "gnu++0x";
				CLANG_CXX_LIBRARY = "libc++";
				CLANG_ENABLE_MODULES = YES;
				CLANG_ENABLE_OBJC_ARC = YES;
				CLANG_WARN_BOOL_CONVERSION = YES;
				CLANG_WARN_CONSTANT_CONVERSION = YES;
				CLANG_WARN_DIRECT_OBJC_ISA_USAGE = YES_ERROR;
				CLANG_WARN_EMPTY_BODY = YES;
				CLANG_WARN_ENUM_CONVERSION = YES;
				CLANG_WARN_INT_CONVERSION = YES;
				CLANG_WARN_OBJC_ROOT_CLASS = YES_ERROR;
				CLANG_WARN_UNREACHABLE_CODE = YES;
				CLANG_WARN__DUPLICATE_METHOD_MATCH = YES;
				"CODE_SIGN_IDENTITY[sdk=iphoneos*]" = "iPhone Developer";
				COPY_PHASE_STRIP = NO;
				DEBUG_INFORMATION_FORMAT = dwarf;
				ENABLE_STRICT_OBJC_MSGSEND = YES;
				ENABLE_TESTABILITY = YES;
				GCC_C_LANGUAGE_STANDARD = gnu99;
				GCC_DYNAMIC_NO_PIC = NO;
				GCC_NO_COMMON_BLOCKS = YES;
				GCC_OPTIMIZATION_LEVEL = 0;
				GCC_PREPROCESSOR_DEFINITIONS = (
					"DEBUG=1",
					"$(inherited)",
				);
				GCC_WARN_64_TO_32_BIT_CONVERSION = YES;
				GCC_WARN_ABOUT_RETURN_TYPE = YES_ERROR;
				GCC_WARN_UNDECLARED_SELECTOR = YES;
				GCC_WARN_UNINITIALIZED_AUTOS = YES_AGGRESSIVE;
				GCC_WARN_UNUSED_FUNCTION = YES;
				GCC_WARN_UNUSED_VARIABLE = YES;
				IPHONEOS_DEPLOYMENT_TARGET = 9.2;
				MTL_ENABLE_DEBUG_INFO = YES;
				ONLY_ACTIVE_ARCH = YES;
				SDKROOT = iphoneos;
				SWIFT_OPTIMIZATION_LEVEL = "-Onone";
			};
			name = Debug;
		};
		D21CF28E1C2F625A00356986 /* Release */ = {
			isa = XCBuildConfiguration;
			buildSettings = {
				ALWAYS_SEARCH_USER_PATHS = NO;
				CLANG_CXX_LANGUAGE_STANDARD = "gnu++0x";
				CLANG_CXX_LIBRARY = "libc++";
				CLANG_ENABLE_MODULES = YES;
				CLANG_ENABLE_OBJC_ARC = YES;
				CLANG_WARN_BOOL_CONVERSION = YES;
				CLANG_WARN_CONSTANT_CONVERSION = YES;
				CLANG_WARN_DIRECT_OBJC_ISA_USAGE = YES_ERROR;
				CLANG_WARN_EMPTY_BODY = YES;
				CLANG_WARN_ENUM_CONVERSION = YES;
				CLANG_WARN_INT_CONVERSION = YES;
				CLANG_WARN_OBJC_ROOT_CLASS = YES_ERROR;
				CLANG_WARN_UNREACHABLE_CODE = YES;
				CLANG_WARN__DUPLICATE_METHOD_MATCH = YES;
				"CODE_SIGN_IDENTITY[sdk=iphoneos*]" = "iPhone Developer";
				COPY_PHASE_STRIP = NO;
				DEBUG_INFORMATION_FORMAT = "dwarf-with-dsym";
				ENABLE_NS_ASSERTIONS = NO;
				ENABLE_STRICT_OBJC_MSGSEND = YES;
				GCC_C_LANGUAGE_STANDARD = gnu99;
				GCC_NO_COMMON_BLOCKS = YES;
				GCC_WARN_64_TO_32_BIT_CONVERSION = YES;
				GCC_WARN_ABOUT_RETURN_TYPE = YES_ERROR;
				GCC_WARN_UNDECLARED_SELECTOR = YES;
				GCC_WARN_UNINITIALIZED_AUTOS = YES_AGGRESSIVE;
				GCC_WARN_UNUSED_FUNCTION = YES;
				GCC_WARN_UNUSED_VARIABLE = YES;
				IPHONEOS_DEPLOYMENT_TARGET = 9.2;
				MTL_ENABLE_DEBUG_INFO = NO;
				SDKROOT = iphoneos;
				VALIDATE_PRODUCT = YES;
			};
			name = Release;
		};
		D21CF2901C2F625A00356986 /* Debug */ = {
			isa = XCBuildConfiguration;
			buildSettings = {
				ASSETCATALOG_COMPILER_APPICON_NAME = AppIcon;
				INFOPLIST_FILE = TooCool/Info.plist;
				LD_RUNPATH_SEARCH_PATHS = "$(inherited) @executable_path/Frameworks";
				PRODUCT_BUNDLE_IDENTIFIER = com.SecondAppTest.TooCool;
				PRODUCT_NAME = "$(TARGET_NAME)";
			};
			name = Debug;
		};
		D21CF2911C2F625A00356986 /* Release */ = {
			isa = XCBuildConfiguration;
			buildSettings = {
				ASSETCATALOG_COMPILER_APPICON_NAME = AppIcon;
				INFOPLIST_FILE = TooCool/Info.plist;
				LD_RUNPATH_SEARCH_PATHS = "$(inherited) @executable_path/Frameworks";
				PRODUCT_BUNDLE_IDENTIFIER = com.SecondAppTest.TooCool;
				PRODUCT_NAME = "$(TARGET_NAME)";
			};
			name = Release;
		};
/* End XCBuildConfiguration section */

/* Begin XCConfigurationList section */
		D21CF2781C2F625A00356986 /* Build configuration list for PBXProject "TooCool" */ = {
			isa = XCConfigurationList;
			buildConfigurations = (
				D21CF28D1C2F625A00356986 /* Debug */,
				D21CF28E1C2F625A00356986 /* Release */,
			);
			defaultConfigurationIsVisible = 0;
			defaultConfigurationName = Release;
		};
		D21CF28F1C2F625A00356986 /* Build configuration list for PBXNativeTarget "TooCool" */ = {
			isa = XCConfigurationList;
			buildConfigurations = (
				D21CF2901C2F625A00356986 /* Debug */,
				D21CF2911C2F625A00356986 /* Release */,
			);
			defaultConfigurationIsVisible = 0;
		};
/* End XCConfigurationList section */
	};
	rootObject = D21CF2751C2F625A00356986 /* Project object */;
}
